// !$*UTF8*$!
{
	archiveVersion = 1;
	classes = {
	};
	objectVersion = 50;
	objects = {

/* Begin PBXBuildFile section */
		72695C3323F6FE2600C409C3 /* AppDelegate.swift in Sources */ = {isa = PBXBuildFile; fileRef = 72695C3223F6FE2600C409C3 /* AppDelegate.swift */; };
		72695C3523F6FE2600C409C3 /* SceneDelegate.swift in Sources */ = {isa = PBXBuildFile; fileRef = 72695C3423F6FE2600C409C3 /* SceneDelegate.swift */; };
		72695C3A23F6FE2600C409C3 /* Main.storyboard in Resources */ = {isa = PBXBuildFile; fileRef = 72695C3823F6FE2600C409C3 /* Main.storyboard */; };
		72695C3C23F6FE2700C409C3 /* Assets.xcassets in Resources */ = {isa = PBXBuildFile; fileRef = 72695C3B23F6FE2700C409C3 /* Assets.xcassets */; };
		72695C3F23F6FE2700C409C3 /* LaunchScreen.storyboard in Resources */ = {isa = PBXBuildFile; fileRef = 72695C3D23F6FE2700C409C3 /* LaunchScreen.storyboard */; };
		72695C4823F7024900C409C3 /* PokeDexTableViewController.swift in Sources */ = {isa = PBXBuildFile; fileRef = 72695C4723F7024900C409C3 /* PokeDexTableViewController.swift */; };
		72695C4A23F7025B00C409C3 /* SearchViewController.swift in Sources */ = {isa = PBXBuildFile; fileRef = 72695C4923F7025B00C409C3 /* SearchViewController.swift */; };
		72695C5223F703C200C409C3 /* SegueIdentifier.swift in Sources */ = {isa = PBXBuildFile; fileRef = 72695C5123F703C200C409C3 /* SegueIdentifier.swift */; };
		72695C5423F7057D00C409C3 /* Pokemon.swift in Sources */ = {isa = PBXBuildFile; fileRef = 72695C5323F7057D00C409C3 /* Pokemon.swift */; };
		72695C5623F7069400C409C3 /* PokemonController.swift in Sources */ = {isa = PBXBuildFile; fileRef = 72695C5523F7069400C409C3 /* PokemonController.swift */; };
		72695C5923F707DC00C409C3 /* APIController.swift in Sources */ = {isa = PBXBuildFile; fileRef = 72695C5823F707DC00C409C3 /* APIController.swift */; };
		72695C5B23F7083100C409C3 /* HTTPMethods.swift in Sources */ = {isa = PBXBuildFile; fileRef = 72695C5A23F7083100C409C3 /* HTTPMethods.swift */; };
		72695C5D23F7089100C409C3 /* APIKeys.swift in Sources */ = {isa = PBXBuildFile; fileRef = 72695C5C23F7089100C409C3 /* APIKeys.swift */; };
		72695C5F23F70C3B00C409C3 /* NetworkErrors.swift in Sources */ = {isa = PBXBuildFile; fileRef = 72695C5E23F70C3B00C409C3 /* NetworkErrors.swift */; };
		72695C6123F716BE00C409C3 /* CellKeys.swift in Sources */ = {isa = PBXBuildFile; fileRef = 72695C6023F716BE00C409C3 /* CellKeys.swift */; };
		72695C6323F7185700C409C3 /* SearchVC+UISearchBarDelegate.swift in Sources */ = {isa = PBXBuildFile; fileRef = 72695C6223F7185700C409C3 /* SearchVC+UISearchBarDelegate.swift */; };
/* End PBXBuildFile section */

/* Begin PBXFileReference section */
		72695C2F23F6FE2600C409C3 /* PokeDex.app */ = {isa = PBXFileReference; explicitFileType = wrapper.application; includeInIndex = 0; path = PokeDex.app; sourceTree = BUILT_PRODUCTS_DIR; };
		72695C3223F6FE2600C409C3 /* AppDelegate.swift */ = {isa = PBXFileReference; lastKnownFileType = sourcecode.swift; path = AppDelegate.swift; sourceTree = "<group>"; };
		72695C3423F6FE2600C409C3 /* SceneDelegate.swift */ = {isa = PBXFileReference; lastKnownFileType = sourcecode.swift; path = SceneDelegate.swift; sourceTree = "<group>"; };
		72695C3923F6FE2600C409C3 /* Base */ = {isa = PBXFileReference; lastKnownFileType = file.storyboard; name = Base; path = Base.lproj/Main.storyboard; sourceTree = "<group>"; };
		72695C3B23F6FE2700C409C3 /* Assets.xcassets */ = {isa = PBXFileReference; lastKnownFileType = folder.assetcatalog; path = Assets.xcassets; sourceTree = "<group>"; };
		72695C3E23F6FE2700C409C3 /* Base */ = {isa = PBXFileReference; lastKnownFileType = file.storyboard; name = Base; path = Base.lproj/LaunchScreen.storyboard; sourceTree = "<group>"; };
		72695C4023F6FE2700C409C3 /* Info.plist */ = {isa = PBXFileReference; lastKnownFileType = text.plist.xml; path = Info.plist; sourceTree = "<group>"; };
		72695C4723F7024900C409C3 /* PokeDexTableViewController.swift */ = {isa = PBXFileReference; lastKnownFileType = sourcecode.swift; path = PokeDexTableViewController.swift; sourceTree = "<group>"; };
		72695C4923F7025B00C409C3 /* SearchViewController.swift */ = {isa = PBXFileReference; lastKnownFileType = sourcecode.swift; path = SearchViewController.swift; sourceTree = "<group>"; };
		72695C5123F703C200C409C3 /* SegueIdentifier.swift */ = {isa = PBXFileReference; lastKnownFileType = sourcecode.swift; name = SegueIdentifier.swift; path = PokeDex/ViewControllers/SegueIdentifier.swift; sourceTree = SOURCE_ROOT; };
		72695C5323F7057D00C409C3 /* Pokemon.swift */ = {isa = PBXFileReference; lastKnownFileType = sourcecode.swift; name = Pokemon.swift; path = PokeDex/ViewControllers/Pokemon.swift; sourceTree = SOURCE_ROOT; };
		72695C5523F7069400C409C3 /* PokemonController.swift */ = {isa = PBXFileReference; lastKnownFileType = sourcecode.swift; name = PokemonController.swift; path = PokeDex/Model/PokemonController.swift; sourceTree = SOURCE_ROOT; };
		72695C5823F707DC00C409C3 /* APIController.swift */ = {isa = PBXFileReference; lastKnownFileType = sourcecode.swift; path = APIController.swift; sourceTree = "<group>"; };
		72695C5A23F7083100C409C3 /* HTTPMethods.swift */ = {isa = PBXFileReference; lastKnownFileType = sourcecode.swift; path = HTTPMethods.swift; sourceTree = "<group>"; };
		72695C5C23F7089100C409C3 /* APIKeys.swift */ = {isa = PBXFileReference; lastKnownFileType = sourcecode.swift; name = APIKeys.swift; path = PokeDex/APIController/APIKeys.swift; sourceTree = SOURCE_ROOT; };
		72695C5E23F70C3B00C409C3 /* NetworkErrors.swift */ = {isa = PBXFileReference; lastKnownFileType = sourcecode.swift; name = NetworkErrors.swift; path = PokeDex/APIController/NetworkErrors.swift; sourceTree = SOURCE_ROOT; };
		72695C6023F716BE00C409C3 /* CellKeys.swift */ = {isa = PBXFileReference; lastKnownFileType = sourcecode.swift; name = CellKeys.swift; path = PokeDex/ViewControllers/CellKeys.swift; sourceTree = SOURCE_ROOT; };
		72695C6223F7185700C409C3 /* SearchVC+UISearchBarDelegate.swift */ = {isa = PBXFileReference; lastKnownFileType = sourcecode.swift; name = "SearchVC+UISearchBarDelegate.swift"; path = "PokeDex/ViewControllers/SearchVC+UISearchBarDelegate.swift"; sourceTree = SOURCE_ROOT; };
/* End PBXFileReference section */

/* Begin PBXFrameworksBuildPhase section */
		72695C2C23F6FE2600C409C3 /* Frameworks */ = {
			isa = PBXFrameworksBuildPhase;
			buildActionMask = 2147483647;
			files = (
			);
			runOnlyForDeploymentPostprocessing = 0;
		};
/* End PBXFrameworksBuildPhase section */

/* Begin PBXGroup section */
		726456A023F8A94600701EAD /* Views */ = {
			isa = PBXGroup;
			children = (
			);
			path = Views;
			sourceTree = "<group>";
		};
		72695C2623F6FE2600C409C3 = {
			isa = PBXGroup;
			children = (
				72695C3123F6FE2600C409C3 /* PokeDex */,
				72695C3023F6FE2600C409C3 /* Products */,
			);
			sourceTree = "<group>";
		};
		72695C3023F6FE2600C409C3 /* Products */ = {
			isa = PBXGroup;
			children = (
				72695C2F23F6FE2600C409C3 /* PokeDex.app */,
			);
			name = Products;
			sourceTree = "<group>";
		};
		72695C3123F6FE2600C409C3 /* PokeDex */ = {
			isa = PBXGroup;
			children = (
				726456A023F8A94600701EAD /* Views */,
				72695C5023F7028800C409C3 /* Keys */,
				72695C4F23F7027F00C409C3 /* Errors */,
				72695C4E23F7027800C409C3 /* Extensions */,
				72695C4D23F7027100C409C3 /* ModelController */,
				72695C4C23F7026B00C409C3 /* Model */,
				72695C4B23F7026200C409C3 /* APIController */,
				72695C4623F7022500C409C3 /* ViewControllers */,
				72695C3B23F6FE2700C409C3 /* Assets.xcassets */,
				72695C3223F6FE2600C409C3 /* AppDelegate.swift */,
				72695C3423F6FE2600C409C3 /* SceneDelegate.swift */,
				72695C3823F6FE2600C409C3 /* Main.storyboard */,
				72695C3D23F6FE2700C409C3 /* LaunchScreen.storyboard */,
				72695C4023F6FE2700C409C3 /* Info.plist */,
			);
			path = PokeDex;
			sourceTree = "<group>";
		};
		72695C4623F7022500C409C3 /* ViewControllers */ = {
			isa = PBXGroup;
			children = (
				72695C4723F7024900C409C3 /* PokeDexTableViewController.swift */,
				72695C4923F7025B00C409C3 /* SearchViewController.swift */,
			);
			path = ViewControllers;
			sourceTree = "<group>";
		};
		72695C4B23F7026200C409C3 /* APIController */ = {
			isa = PBXGroup;
			children = (
				72695C5823F707DC00C409C3 /* APIController.swift */,
				72695C5A23F7083100C409C3 /* HTTPMethods.swift */,
			);
			path = APIController;
			sourceTree = "<group>";
		};
		72695C4C23F7026B00C409C3 /* Model */ = {
			isa = PBXGroup;
			children = (
				72695C5323F7057D00C409C3 /* Pokemon.swift */,
			);
			path = Model;
			sourceTree = "<group>";
		};
		72695C4D23F7027100C409C3 /* ModelController */ = {
			isa = PBXGroup;
			children = (
				72695C5523F7069400C409C3 /* PokemonController.swift */,
			);
			path = ModelController;
			sourceTree = "<group>";
		};
		72695C4E23F7027800C409C3 /* Extensions */ = {
			isa = PBXGroup;
			children = (
				72695C6223F7185700C409C3 /* SearchVC+UISearchBarDelegate.swift */,
			);
			path = Extensions;
			sourceTree = "<group>";
		};
		72695C4F23F7027F00C409C3 /* Errors */ = {
			isa = PBXGroup;
			children = (
				72695C5E23F70C3B00C409C3 /* NetworkErrors.swift */,
			);
			path = Errors;
			sourceTree = "<group>";
		};
		72695C5023F7028800C409C3 /* Keys */ = {
			isa = PBXGroup;
			children = (
				72695C6023F716BE00C409C3 /* CellKeys.swift */,
				72695C5C23F7089100C409C3 /* APIKeys.swift */,
				72695C5123F703C200C409C3 /* SegueIdentifier.swift */,
			);
			path = Keys;
			sourceTree = "<group>";
		};
/* End PBXGroup section */

/* Begin PBXNativeTarget section */
		72695C2E23F6FE2600C409C3 /* PokeDex */ = {
			isa = PBXNativeTarget;
			buildConfigurationList = 72695C4323F6FE2700C409C3 /* Build configuration list for PBXNativeTarget "PokeDex" */;
			buildPhases = (
				72695C2B23F6FE2600C409C3 /* Sources */,
				72695C2C23F6FE2600C409C3 /* Frameworks */,
				72695C2D23F6FE2600C409C3 /* Resources */,
			);
			buildRules = (
			);
			dependencies = (
			);
			name = PokeDex;
			productName = PokeDex;
			productReference = 72695C2F23F6FE2600C409C3 /* PokeDex.app */;
			productType = "com.apple.product-type.application";
		};
/* End PBXNativeTarget section */

/* Begin PBXProject section */
		72695C2723F6FE2600C409C3 /* Project object */ = {
			isa = PBXProject;
			attributes = {
				LastSwiftUpdateCheck = 1130;
				LastUpgradeCheck = 1130;
				ORGANIZATIONNAME = "Chris Gonzales";
				TargetAttributes = {
					72695C2E23F6FE2600C409C3 = {
						CreatedOnToolsVersion = 11.3.1;
					};
				};
			};
			buildConfigurationList = 72695C2A23F6FE2600C409C3 /* Build configuration list for PBXProject "PokeDex" */;
			compatibilityVersion = "Xcode 9.3";
			developmentRegion = en;
			hasScannedForEncodings = 0;
			knownRegions = (
				en,
				Base,
			);
			mainGroup = 72695C2623F6FE2600C409C3;
			productRefGroup = 72695C3023F6FE2600C409C3 /* Products */;
			projectDirPath = "";
			projectRoot = "";
			targets = (
				72695C2E23F6FE2600C409C3 /* PokeDex */,
			);
		};
/* End PBXProject section */

/* Begin PBXResourcesBuildPhase section */
		72695C2D23F6FE2600C409C3 /* Resources */ = {
			isa = PBXResourcesBuildPhase;
			buildActionMask = 2147483647;
			files = (
				72695C3F23F6FE2700C409C3 /* LaunchScreen.storyboard in Resources */,
				72695C3C23F6FE2700C409C3 /* Assets.xcassets in Resources */,
				72695C3A23F6FE2600C409C3 /* Main.storyboard in Resources */,
			);
			runOnlyForDeploymentPostprocessing = 0;
		};
/* End PBXResourcesBuildPhase section */

/* Begin PBXSourcesBuildPhase section */
		72695C2B23F6FE2600C409C3 /* Sources */ = {
			isa = PBXSourcesBuildPhase;
			buildActionMask = 2147483647;
			files = (
				72695C3323F6FE2600C409C3 /* AppDelegate.swift in Sources */,
				72695C6323F7185700C409C3 /* SearchVC+UISearchBarDelegate.swift in Sources */,
				72695C5623F7069400C409C3 /* PokemonController.swift in Sources */,
				72695C3523F6FE2600C409C3 /* SceneDelegate.swift in Sources */,
				72695C5223F703C200C409C3 /* SegueIdentifier.swift in Sources */,
				72695C5923F707DC00C409C3 /* APIController.swift in Sources */,
				72695C5B23F7083100C409C3 /* HTTPMethods.swift in Sources */,
				72695C5D23F7089100C409C3 /* APIKeys.swift in Sources */,
				72695C4A23F7025B00C409C3 /* SearchViewController.swift in Sources */,
				72695C5F23F70C3B00C409C3 /* NetworkErrors.swift in Sources */,
				72695C6123F716BE00C409C3 /* CellKeys.swift in Sources */,
				72695C4823F7024900C409C3 /* PokeDexTableViewController.swift in Sources */,
				72695C5423F7057D00C409C3 /* Pokemon.swift in Sources */,
			);
			runOnlyForDeploymentPostprocessing = 0;
		};
/* End PBXSourcesBuildPhase section */

/* Begin PBXVariantGroup section */
		72695C3823F6FE2600C409C3 /* Main.storyboard */ = {
			isa = PBXVariantGroup;
			children = (
				72695C3923F6FE2600C409C3 /* Base */,
			);
			name = Main.storyboard;
			sourceTree = "<group>";
		};
		72695C3D23F6FE2700C409C3 /* LaunchScreen.storyboard */ = {
			isa = PBXVariantGroup;
			children = (
				72695C3E23F6FE2700C409C3 /* Base */,
			);
			name = LaunchScreen.storyboard;
			sourceTree = "<group>";
		};
/* End PBXVariantGroup section */

/* Begin XCBuildConfiguration section */
		72695C4123F6FE2700C409C3 /* Debug */ = {
			isa = XCBuildConfiguration;
			buildSettings = {
				ALWAYS_SEARCH_USER_PATHS = NO;
				CLANG_ANALYZER_NONNULL = YES;
				CLANG_ANALYZER_NUMBER_OBJECT_CONVERSION = YES_AGGRESSIVE;
				CLANG_CXX_LANGUAGE_STANDARD = "gnu++14";
				CLANG_CXX_LIBRARY = "libc++";
				CLANG_ENABLE_MODULES = YES;
				CLANG_ENABLE_OBJC_ARC = YES;
				CLANG_ENABLE_OBJC_WEAK = YES;
				CLANG_WARN_BLOCK_CAPTURE_AUTORELEASING = YES;
				CLANG_WARN_BOOL_CONVERSION = YES;
				CLANG_WARN_COMMA = YES;
				CLANG_WARN_CONSTANT_CONVERSION = YES;
				CLANG_WARN_DEPRECATED_OBJC_IMPLEMENTATIONS = YES;
				CLANG_WARN_DIRECT_OBJC_ISA_USAGE = YES_ERROR;
				CLANG_WARN_DOCUMENTATION_COMMENTS = YES;
				CLANG_WARN_EMPTY_BODY = YES;
				CLANG_WARN_ENUM_CONVERSION = YES;
				CLANG_WARN_INFINITE_RECURSION = YES;
				CLANG_WARN_INT_CONVERSION = YES;
				CLANG_WARN_NON_LITERAL_NULL_CONVERSION = YES;
				CLANG_WARN_OBJC_IMPLICIT_RETAIN_SELF = YES;
				CLANG_WARN_OBJC_LITERAL_CONVERSION = YES;
				CLANG_WARN_OBJC_ROOT_CLASS = YES_ERROR;
				CLANG_WARN_RANGE_LOOP_ANALYSIS = YES;
				CLANG_WARN_STRICT_PROTOTYPES = YES;
				CLANG_WARN_SUSPICIOUS_MOVE = YES;
				CLANG_WARN_UNGUARDED_AVAILABILITY = YES_AGGRESSIVE;
				CLANG_WARN_UNREACHABLE_CODE = YES;
				CLANG_WARN__DUPLICATE_METHOD_MATCH = YES;
				COPY_PHASE_STRIP = NO;
				DEBUG_INFORMATION_FORMAT = dwarf;
				ENABLE_STRICT_OBJC_MSGSEND = YES;
				ENABLE_TESTABILITY = YES;
				GCC_C_LANGUAGE_STANDARD = gnu11;
				GCC_DYNAMIC_NO_PIC = NO;
				GCC_NO_COMMON_BLOCKS = YES;
				GCC_OPTIMIZATION_LEVEL = 0;
				GCC_PREPROCESSOR_DEFINITIONS = (
					"DEBUG=1",
					"$(inherited)",
				);
				GCC_WARN_64_TO_32_BIT_CONVERSION = YES;
				GCC_WARN_ABOUT_RETURN_TYPE = YES_ERROR;
				GCC_WARN_UNDECLARED_SELECTOR = YES;
				GCC_WARN_UNINITIALIZED_AUTOS = YES_AGGRESSIVE;
				GCC_WARN_UNUSED_FUNCTION = YES;
				GCC_WARN_UNUSED_VARIABLE = YES;
				IPHONEOS_DEPLOYMENT_TARGET = 13.2;
				MTL_ENABLE_DEBUG_INFO = INCLUDE_SOURCE;
				MTL_FAST_MATH = YES;
				ONLY_ACTIVE_ARCH = YES;
				SDKROOT = iphoneos;
				SWIFT_ACTIVE_COMPILATION_CONDITIONS = DEBUG;
				SWIFT_OPTIMIZATION_LEVEL = "-Onone";
			};
			name = Debug;
		};
		72695C4223F6FE2700C409C3 /* Release */ = {
			isa = XCBuildConfiguration;
			buildSettings = {
				ALWAYS_SEARCH_USER_PATHS = NO;
				CLANG_ANALYZER_NONNULL = YES;
				CLANG_ANALYZER_NUMBER_OBJECT_CONVERSION = YES_AGGRESSIVE;
				CLANG_CXX_LANGUAGE_STANDARD = "gnu++14";
				CLANG_CXX_LIBRARY = "libc++";
				CLANG_ENABLE_MODULES = YES;
				CLANG_ENABLE_OBJC_ARC = YES;
				CLANG_ENABLE_OBJC_WEAK = YES;
				CLANG_WARN_BLOCK_CAPTURE_AUTORELEASING = YES;
				CLANG_WARN_BOOL_CONVERSION = YES;
				CLANG_WARN_COMMA = YES;
				CLANG_WARN_CONSTANT_CONVERSION = YES;
				CLANG_WARN_DEPRECATED_OBJC_IMPLEMENTATIONS = YES;
				CLANG_WARN_DIRECT_OBJC_ISA_USAGE = YES_ERROR;
				CLANG_WARN_DOCUMENTATION_COMMENTS = YES;
				CLANG_WARN_EMPTY_BODY = YES;
				CLANG_WARN_ENUM_CONVERSION = YES;
				CLANG_WARN_INFINITE_RECURSION = YES;
				CLANG_WARN_INT_CONVERSION = YES;
				CLANG_WARN_NON_LITERAL_NULL_CONVERSION = YES;
				CLANG_WARN_OBJC_IMPLICIT_RETAIN_SELF = YES;
				CLANG_WARN_OBJC_LITERAL_CONVERSION = YES;
				CLANG_WARN_OBJC_ROOT_CLASS = YES_ERROR;
				CLANG_WARN_RANGE_LOOP_ANALYSIS = YES;
				CLANG_WARN_STRICT_PROTOTYPES = YES;
				CLANG_WARN_SUSPICIOUS_MOVE = YES;
				CLANG_WARN_UNGUARDED_AVAILABILITY = YES_AGGRESSIVE;
				CLANG_WARN_UNREACHABLE_CODE = YES;
				CLANG_WARN__DUPLICATE_METHOD_MATCH = YES;
				COPY_PHASE_STRIP = NO;
				DEBUG_INFORMATION_FORMAT = "dwarf-with-dsym";
				ENABLE_NS_ASSERTIONS = NO;
				ENABLE_STRICT_OBJC_MSGSEND = YES;
				GCC_C_LANGUAGE_STANDARD = gnu11;
				GCC_NO_COMMON_BLOCKS = YES;
				GCC_WARN_64_TO_32_BIT_CONVERSION = YES;
				GCC_WARN_ABOUT_RETURN_TYPE = YES_ERROR;
				GCC_WARN_UNDECLARED_SELECTOR = YES;
				GCC_WARN_UNINITIALIZED_AUTOS = YES_AGGRESSIVE;
				GCC_WARN_UNUSED_FUNCTION = YES;
				GCC_WARN_UNUSED_VARIABLE = YES;
				IPHONEOS_DEPLOYMENT_TARGET = 13.2;
				MTL_ENABLE_DEBUG_INFO = NO;
				MTL_FAST_MATH = YES;
				SDKROOT = iphoneos;
				SWIFT_COMPILATION_MODE = wholemodule;
				SWIFT_OPTIMIZATION_LEVEL = "-O";
				VALIDATE_PRODUCT = YES;
			};
			name = Release;
		};
		72695C4423F6FE2700C409C3 /* Debug */ = {
			isa = XCBuildConfiguration;
			buildSettings = {
				ASSETCATALOG_COMPILER_APPICON_NAME = AppIcon;
				CODE_SIGN_STYLE = Automatic;
				DEVELOPMENT_TEAM = 36JMR38FZL;
				INFOPLIST_FILE = PokeDex/Info.plist;
				LD_RUNPATH_SEARCH_PATHS = (
					"$(inherited)",
					"@executable_path/Frameworks",
				);
				PRODUCT_BUNDLE_IDENTIFIER = com.ChrisGonzales.PokeDex;
				PRODUCT_NAME = "$(TARGET_NAME)";
				SWIFT_VERSION = 5.0;
				TARGETED_DEVICE_FAMILY = "1,2";
			};
			name = Debug;
		};
		72695C4523F6FE2700C409C3 /* Release */ = {
			isa = XCBuildConfiguration;
			buildSettings = {
				ASSETCATALOG_COMPILER_APPICON_NAME = AppIcon;
				CODE_SIGN_STYLE = Automatic;
				DEVELOPMENT_TEAM = 36JMR38FZL;
				INFOPLIST_FILE = PokeDex/Info.plist;
				LD_RUNPATH_SEARCH_PATHS = (
					"$(inherited)",
					"@executable_path/Frameworks",
				);
				PRODUCT_BUNDLE_IDENTIFIER = com.ChrisGonzales.PokeDex;
				PRODUCT_NAME = "$(TARGET_NAME)";
				SWIFT_VERSION = 5.0;
				TARGETED_DEVICE_FAMILY = "1,2";
			};
			name = Release;
		};
/* End XCBuildConfiguration section */

/* Begin XCConfigurationList section */
		72695C2A23F6FE2600C409C3 /* Build configuration list for PBXProject "PokeDex" */ = {
			isa = XCConfigurationList;
			buildConfigurations = (
				72695C4123F6FE2700C409C3 /* Debug */,
				72695C4223F6FE2700C409C3 /* Release */,
			);
			defaultConfigurationIsVisible = 0;
			defaultConfigurationName = Release;
		};
		72695C4323F6FE2700C409C3 /* Build configuration list for PBXNativeTarget "PokeDex" */ = {
			isa = XCConfigurationList;
			buildConfigurations = (
				72695C4423F6FE2700C409C3 /* Debug */,
				72695C4523F6FE2700C409C3 /* Release */,
			);
			defaultConfigurationIsVisible = 0;
			defaultConfigurationName = Release;
		};
/* End XCConfigurationList section */
	};
	rootObject = 72695C2723F6FE2600C409C3 /* Project object */;
}
